// !$*UTF8*$!
{
	archiveVersion = 1;
	classes = {
	};
	objectVersion = 51;
	objects = {

/* Begin PBXBuildFile section */
		04E95A913887A16B6714464A /* HealRequest.swift in Sources */ = {isa = PBXBuildFile; fileRef = 16487D2F27D84144AC7C9138 /* HealRequest.swift */; };
		0C5DD09ADBD149D899B43CBC /* AudioInfo+Schema.swift in Sources */ = {isa = PBXBuildFile; fileRef = C54346C59EE743BD8263B7D6 /* AudioInfo+Schema.swift */; };
		161E4D254B8997546C0C9E94 /* AudioInfo.swift in Sources */ = {isa = PBXBuildFile; fileRef = D9A519C01F6248048C4F419E /* AudioInfo.swift */; };
		20626A99127DE13E88CB4730 /* HealRequest+Schema.swift in Sources */ = {isa = PBXBuildFile; fileRef = D95285E805724C129B9876FD /* HealRequest+Schema.swift */; };
		2C59ED77F9177A96EA4302EB /* HealRequest.swift in Sources */ = {isa = PBXBuildFile; fileRef = 16487D2F27D84144AC7C9138 /* HealRequest.swift */; };
		32C96DC97491270ABD569B32 /* AudioInfo.swift in Sources */ = {isa = PBXBuildFile; fileRef = D9A519C01F6248048C4F419E /* AudioInfo.swift */; };
		3E8366C527419AE8B434E967 /* HealRequest+Schema.swift in Sources */ = {isa = PBXBuildFile; fileRef = D95285E805724C129B9876FD /* HealRequest+Schema.swift */; };
		3FC7BCB2DB0E9C0441A9735F /* AudioInfo.swift in Sources */ = {isa = PBXBuildFile; fileRef = D9A519C01F6248048C4F419E /* AudioInfo.swift */; };
		40059295F7F6550F45F6BB84 /* AudioInfo.swift in Sources */ = {isa = PBXBuildFile; fileRef = D9A519C01F6248048C4F419E /* AudioInfo.swift */; };
		40B3E68960FCDE592F2FB287 /* HealRequest+Schema.swift in Sources */ = {isa = PBXBuildFile; fileRef = D95285E805724C129B9876FD /* HealRequest+Schema.swift */; };
		4ACCBA84C42A8AB239AE006F /* AudioInfo.swift in Sources */ = {isa = PBXBuildFile; fileRef = D9A519C01F6248048C4F419E /* AudioInfo.swift */; };
		4AD6C34F449CC6BD44515C17 /* AudioInfo+Schema.swift in Sources */ = {isa = PBXBuildFile; fileRef = C54346C59EE743BD8263B7D6 /* AudioInfo+Schema.swift */; };
		4FAB9F9ED26FABE125A5DA29 /* HealRequest.swift in Sources */ = {isa = PBXBuildFile; fileRef = 16487D2F27D84144AC7C9138 /* HealRequest.swift */; };
		5A990B94914D3419A555529F /* AudioInfo+Schema.swift in Sources */ = {isa = PBXBuildFile; fileRef = C54346C59EE743BD8263B7D6 /* AudioInfo+Schema.swift */; };
		6292865372683835065160E7 /* AmplifyModels.swift in Sources */ = {isa = PBXBuildFile; fileRef = 34B694B15349437882DAED5B /* AmplifyModels.swift */; };
		64ADB3866391589F9381CB94 /* HealRequest.swift in Sources */ = {isa = PBXBuildFile; fileRef = 16487D2F27D84144AC7C9138 /* HealRequest.swift */; };
		6643FBB3CC9B5B993415FA55 /* HealRequest+Schema.swift in Sources */ = {isa = PBXBuildFile; fileRef = D95285E805724C129B9876FD /* HealRequest+Schema.swift */; };
		6C04C43666B58AB3B88D727A /* AudioInfo+Schema.swift in Sources */ = {isa = PBXBuildFile; fileRef = C54346C59EE743BD8263B7D6 /* AudioInfo+Schema.swift */; };
		6D9C2F535D0FBC35C1A1E548 /* HealRequest.swift in Sources */ = {isa = PBXBuildFile; fileRef = 16487D2F27D84144AC7C9138 /* HealRequest.swift */; };
		70C6D3526788966D15EAFC2E /* AudioInfo.swift in Sources */ = {isa = PBXBuildFile; fileRef = D9A519C01F6248048C4F419E /* AudioInfo.swift */; };
		7B6D78858702B9199B70DAAB /* HealRequest+Schema.swift in Sources */ = {isa = PBXBuildFile; fileRef = D95285E805724C129B9876FD /* HealRequest+Schema.swift */; };
		84B47F40C6CAAC9DA23414E9 /* AmplifyModels.swift in Sources */ = {isa = PBXBuildFile; fileRef = 34B694B15349437882DAED5B /* AmplifyModels.swift */; };
		89D346B1FA5AA7F435444941 /* AmplifyModels.swift in Sources */ = {isa = PBXBuildFile; fileRef = 34B694B15349437882DAED5B /* AmplifyModels.swift */; };
		8B64F3AA3324C72883C629CF /* AudioInfo+Schema.swift in Sources */ = {isa = PBXBuildFile; fileRef = C54346C59EE743BD8263B7D6 /* AudioInfo+Schema.swift */; };
		8E1CF368F9FDBB41CFBE647B /* AudioInfo+Schema.swift in Sources */ = {isa = PBXBuildFile; fileRef = C54346C59EE743BD8263B7D6 /* AudioInfo+Schema.swift */; };
		99DCE5F491DA30860009A21F /* AudioInfo+Schema.swift in Sources */ = {isa = PBXBuildFile; fileRef = C54346C59EE743BD8263B7D6 /* AudioInfo+Schema.swift */; };
		A612C2395BDA4E3616335C6C /* AudioInfo+Schema.swift in Sources */ = {isa = PBXBuildFile; fileRef = C54346C59EE743BD8263B7D6 /* AudioInfo+Schema.swift */; };
		AAD1944C01A848F7BCA9AA3D /* AudioInfo.swift in Sources */ = {isa = PBXBuildFile; fileRef = D9A519C01F6248048C4F419E /* AudioInfo.swift */; };
		ABDE65CCA44F5423D7A3AD5B /* AudioInfo.swift in Sources */ = {isa = PBXBuildFile; fileRef = D9A519C01F6248048C4F419E /* AudioInfo.swift */; };
		B6DEF51A711D256D00769435 /* AmplifyModels.swift in Sources */ = {isa = PBXBuildFile; fileRef = 34B694B15349437882DAED5B /* AmplifyModels.swift */; };
		BA570143BF629CBF25288B60 /* AmplifyModels.swift in Sources */ = {isa = PBXBuildFile; fileRef = 34B694B15349437882DAED5B /* AmplifyModels.swift */; };
		C21252A78A697D31907FC66A /* AudioInfo+Schema.swift in Sources */ = {isa = PBXBuildFile; fileRef = C54346C59EE743BD8263B7D6 /* AudioInfo+Schema.swift */; };
		CCACDEB80D8B150C5C7AC8C4 /* Pods_OW_Heal_Request.framework in Frameworks */ = {isa = PBXBuildFile; fileRef = 0A0305B9182A83C06CAFDC28 /* Pods_OW_Heal_Request.framework */; };
		D3222D4425A31E3B00B80BE3 /* SoundBoardVC.swift in Sources */ = {isa = PBXBuildFile; fileRef = D3222D4325A31E3B00B80BE3 /* SoundBoardVC.swift */; };
		D3562306265439CF00A02F59 /* OW_Heal_Request_Tests.swift in Sources */ = {isa = PBXBuildFile; fileRef = D3562305265439CF00A02F59 /* OW_Heal_Request_Tests.swift */; };
		D35B805D25A3CD170006DA9F /* SoundBoardCellVC.swift in Sources */ = {isa = PBXBuildFile; fileRef = D35B805C25A3CD170006DA9F /* SoundBoardCellVC.swift */; };
		D382ECFA2660352D002A609C /* NewSoundsHeader.swift in Sources */ = {isa = PBXBuildFile; fileRef = D382ECF92660352D002A609C /* NewSoundsHeader.swift */; };
		D382ECFC2662A965002A609C /* SoundsHeader.swift in Sources */ = {isa = PBXBuildFile; fileRef = D382ECFB2662A965002A609C /* SoundsHeader.swift */; };
		D3BC94FF25BE3879008B14CD /* Audio.swift in Sources */ = {isa = PBXBuildFile; fileRef = D3BC94FE25BE3879008B14CD /* Audio.swift */; };
		D3D3C8E9259A7C8000D87275 /* AppDelegate.swift in Sources */ = {isa = PBXBuildFile; fileRef = D3D3C8E8259A7C8000D87275 /* AppDelegate.swift */; };
		D3D3C8EB259A7C8000D87275 /* SceneDelegate.swift in Sources */ = {isa = PBXBuildFile; fileRef = D3D3C8EA259A7C8000D87275 /* SceneDelegate.swift */; };
		D3D3C8ED259A7C8000D87275 /* ViewController.swift in Sources */ = {isa = PBXBuildFile; fileRef = D3D3C8EC259A7C8000D87275 /* ViewController.swift */; };
		D3D3C8F0259A7C8000D87275 /* Main.storyboard in Resources */ = {isa = PBXBuildFile; fileRef = D3D3C8EE259A7C8000D87275 /* Main.storyboard */; };
		D3D3C8F3259A7C8000D87275 /* OW_Heal_Request.xcdatamodeld in Sources */ = {isa = PBXBuildFile; fileRef = D3D3C8F1259A7C8000D87275 /* OW_Heal_Request.xcdatamodeld */; };
		D3D3C8F5259A7C8200D87275 /* Assets.xcassets in Resources */ = {isa = PBXBuildFile; fileRef = D3D3C8F4259A7C8200D87275 /* Assets.xcassets */; };
		D3D3C8F8259A7C8200D87275 /* LaunchScreen.storyboard in Resources */ = {isa = PBXBuildFile; fileRef = D3D3C8F6259A7C8200D87275 /* LaunchScreen.storyboard */; };
		E5D89EE35B9FD6D28E8D397D /* AmplifyModels.swift in Sources */ = {isa = PBXBuildFile; fileRef = 34B694B15349437882DAED5B /* AmplifyModels.swift */; };
		E7BDEC0AA24F71F89204C344 /* HealRequest.swift in Sources */ = {isa = PBXBuildFile; fileRef = 16487D2F27D84144AC7C9138 /* HealRequest.swift */; };
		ED6F83D0268187F4006CDC9F /* schema.graphql in Resources */ = {isa = PBXBuildFile; fileRef = ED6F83CF268187F4006CDC9F /* schema.graphql */; };
		ED6F83D1268187F4006CDC9F /* schema.graphql in Resources */ = {isa = PBXBuildFile; fileRef = ED6F83CF268187F4006CDC9F /* schema.graphql */; };
		EDAC0F05AAD018880619BCCA /* AudioInfo.swift in Sources */ = {isa = PBXBuildFile; fileRef = D9A519C01F6248048C4F419E /* AudioInfo.swift */; };
		EDE4504126818C0F0065A0A0 /* awsconfiguration.json in Resources */ = {isa = PBXBuildFile; fileRef = EDE4503F26818C0F0065A0A0 /* awsconfiguration.json */; };
		EDE4504226818C0F0065A0A0 /* amplifyconfiguration.json in Resources */ = {isa = PBXBuildFile; fileRef = EDE4504026818C0F0065A0A0 /* amplifyconfiguration.json */; };
		EDE4506726818E400065A0A0 /* AudioInfo+Schema.swift in Sources */ = {isa = PBXBuildFile; fileRef = EDE4506226818E400065A0A0 /* AudioInfo+Schema.swift */; };
		EDE4506826818E400065A0A0 /* AmplifyModels.swift in Sources */ = {isa = PBXBuildFile; fileRef = EDE4506326818E400065A0A0 /* AmplifyModels.swift */; };
		EDE4506926818E400065A0A0 /* HealRequest.swift in Sources */ = {isa = PBXBuildFile; fileRef = EDE4506426818E400065A0A0 /* HealRequest.swift */; };
		EDE4506A26818E400065A0A0 /* AudioInfo.swift in Sources */ = {isa = PBXBuildFile; fileRef = EDE4506526818E400065A0A0 /* AudioInfo.swift */; };
		EDE4506B26818E400065A0A0 /* HealRequest+Schema.swift in Sources */ = {isa = PBXBuildFile; fileRef = EDE4506626818E400065A0A0 /* HealRequest+Schema.swift */; };
		F3E2EB3F9DD8A6F2BAEDECB9 /* HealRequest+Schema.swift in Sources */ = {isa = PBXBuildFile; fileRef = D95285E805724C129B9876FD /* HealRequest+Schema.swift */; };
		F857A49EFA95459EC6C2F567 /* AmplifyModels.swift in Sources */ = {isa = PBXBuildFile; fileRef = 34B694B15349437882DAED5B /* AmplifyModels.swift */; };
		FF01375B388476F525DE3241 /* AmplifyModels.swift in Sources */ = {isa = PBXBuildFile; fileRef = 34B694B15349437882DAED5B /* AmplifyModels.swift */; };
/* End PBXBuildFile section */

/* Begin PBXContainerItemProxy section */
		D3562308265439CF00A02F59 /* PBXContainerItemProxy */ = {
			isa = PBXContainerItemProxy;
			containerPortal = D3D3C8DD259A7C8000D87275 /* Project object */;
			proxyType = 1;
			remoteGlobalIDString = D3D3C8E4259A7C8000D87275;
			remoteInfo = "OW-Heal-Request";
		};
/* End PBXContainerItemProxy section */

/* Begin PBXFileReference section */
		0A0305B9182A83C06CAFDC28 /* Pods_OW_Heal_Request.framework */ = {isa = PBXFileReference; explicitFileType = wrapper.framework; includeInIndex = 0; path = Pods_OW_Heal_Request.framework; sourceTree = BUILT_PRODUCTS_DIR; };
		16487D2F27D84144AC7C9138 /* HealRequest.swift */ = {isa = PBXFileReference; explicitFileType = undefined; fileEncoding = 4; includeInIndex = 0; lastKnownFileType = sourcecode.swift; name = HealRequest.swift; path = amplify/generated/models/HealRequest.swift; sourceTree = "<group>"; };
		34B694B15349437882DAED5B /* AmplifyModels.swift */ = {isa = PBXFileReference; explicitFileType = undefined; fileEncoding = 4; includeInIndex = 0; lastKnownFileType = sourcecode.swift; name = AmplifyModels.swift; path = amplify/generated/models/AmplifyModels.swift; sourceTree = "<group>"; };
		C05FD688B9C14899A67C2F19 /* schema.graphql */ = {isa = PBXFileReference; explicitFileType = undefined; fileEncoding = 4; includeInIndex = 0; lastKnownFileType = text; name = schema.graphql; path = amplify/backend/api/amplifyDatasource/schema.graphql; sourceTree = "<group>"; };
		C54346C59EE743BD8263B7D6 /* AudioInfo+Schema.swift */ = {isa = PBXFileReference; explicitFileType = undefined; fileEncoding = 4; includeInIndex = 0; lastKnownFileType = sourcecode.swift; name = "AudioInfo+Schema.swift"; path = "amplify/generated/models/AudioInfo+Schema.swift"; sourceTree = "<group>"; };
		D3222D4325A31E3B00B80BE3 /* SoundBoardVC.swift */ = {isa = PBXFileReference; lastKnownFileType = sourcecode.swift; path = SoundBoardVC.swift; sourceTree = "<group>"; };
		D3562303265439CF00A02F59 /* OW-Heal-Request-Tests.xctest */ = {isa = PBXFileReference; explicitFileType = wrapper.cfbundle; includeInIndex = 0; path = "OW-Heal-Request-Tests.xctest"; sourceTree = BUILT_PRODUCTS_DIR; };
		D3562305265439CF00A02F59 /* OW_Heal_Request_Tests.swift */ = {isa = PBXFileReference; lastKnownFileType = sourcecode.swift; path = OW_Heal_Request_Tests.swift; sourceTree = "<group>"; };
		D3562307265439CF00A02F59 /* Info.plist */ = {isa = PBXFileReference; lastKnownFileType = text.plist.xml; path = Info.plist; sourceTree = "<group>"; };
		D35B805C25A3CD170006DA9F /* SoundBoardCellVC.swift */ = {isa = PBXFileReference; lastKnownFileType = sourcecode.swift; path = SoundBoardCellVC.swift; sourceTree = "<group>"; };
		D382ECF92660352D002A609C /* NewSoundsHeader.swift */ = {isa = PBXFileReference; lastKnownFileType = sourcecode.swift; path = NewSoundsHeader.swift; sourceTree = "<group>"; };
		D382ECFB2662A965002A609C /* SoundsHeader.swift */ = {isa = PBXFileReference; lastKnownFileType = sourcecode.swift; path = SoundsHeader.swift; sourceTree = "<group>"; };
		D3BC94FE25BE3879008B14CD /* Audio.swift */ = {isa = PBXFileReference; lastKnownFileType = sourcecode.swift; path = Audio.swift; sourceTree = "<group>"; };
		D3D3C8E5259A7C8000D87275 /* OW-Heal-Request.app */ = {isa = PBXFileReference; explicitFileType = wrapper.application; includeInIndex = 0; path = "OW-Heal-Request.app"; sourceTree = BUILT_PRODUCTS_DIR; };
		D3D3C8E8259A7C8000D87275 /* AppDelegate.swift */ = {isa = PBXFileReference; lastKnownFileType = sourcecode.swift; path = AppDelegate.swift; sourceTree = "<group>"; };
		D3D3C8EA259A7C8000D87275 /* SceneDelegate.swift */ = {isa = PBXFileReference; lastKnownFileType = sourcecode.swift; path = SceneDelegate.swift; sourceTree = "<group>"; };
		D3D3C8EC259A7C8000D87275 /* ViewController.swift */ = {isa = PBXFileReference; lastKnownFileType = sourcecode.swift; path = ViewController.swift; sourceTree = "<group>"; };
		D3D3C8EF259A7C8000D87275 /* Base */ = {isa = PBXFileReference; lastKnownFileType = file.storyboard; name = Base; path = Base.lproj/Main.storyboard; sourceTree = "<group>"; };
		D3D3C8F2259A7C8000D87275 /* OW_Heal_Request.xcdatamodel */ = {isa = PBXFileReference; lastKnownFileType = wrapper.xcdatamodel; path = OW_Heal_Request.xcdatamodel; sourceTree = "<group>"; };
		D3D3C8F4259A7C8200D87275 /* Assets.xcassets */ = {isa = PBXFileReference; lastKnownFileType = folder.assetcatalog; path = Assets.xcassets; sourceTree = "<group>"; };
		D3D3C8F7259A7C8200D87275 /* Base */ = {isa = PBXFileReference; lastKnownFileType = file.storyboard; name = Base; path = Base.lproj/LaunchScreen.storyboard; sourceTree = "<group>"; };
		D3D3C8F9259A7C8200D87275 /* Info.plist */ = {isa = PBXFileReference; lastKnownFileType = text.plist.xml; path = Info.plist; sourceTree = "<group>"; };
		D3F56807259EC0B8006AEF6C /* OW-Heal-Request.entitlements */ = {isa = PBXFileReference; lastKnownFileType = text.plist.entitlements; path = "OW-Heal-Request.entitlements"; sourceTree = "<group>"; };
		D95285E805724C129B9876FD /* HealRequest+Schema.swift */ = {isa = PBXFileReference; explicitFileType = undefined; fileEncoding = 4; includeInIndex = 0; lastKnownFileType = sourcecode.swift; name = "HealRequest+Schema.swift"; path = "amplify/generated/models/HealRequest+Schema.swift"; sourceTree = "<group>"; };
		D9A519C01F6248048C4F419E /* AudioInfo.swift */ = {isa = PBXFileReference; explicitFileType = undefined; fileEncoding = 4; includeInIndex = 0; lastKnownFileType = sourcecode.swift; name = AudioInfo.swift; path = amplify/generated/models/AudioInfo.swift; sourceTree = "<group>"; };
		D9E47557A7204FE6B13FA65B /* amplifytools.xcconfig */ = {isa = PBXFileReference; explicitFileType = undefined; fileEncoding = 4; includeInIndex = 0; lastKnownFileType = text.xcconfig; path = amplifytools.xcconfig; sourceTree = "<group>"; };
		DD20A36FC889B01CD44ED112 /* Pods-OW-Heal-Request.release.xcconfig */ = {isa = PBXFileReference; includeInIndex = 1; lastKnownFileType = text.xcconfig; name = "Pods-OW-Heal-Request.release.xcconfig"; path = "Target Support Files/Pods-OW-Heal-Request/Pods-OW-Heal-Request.release.xcconfig"; sourceTree = "<group>"; };
		E4A9BA6219DD208FA097D612 /* Pods-OW-Heal-Request.debug.xcconfig */ = {isa = PBXFileReference; includeInIndex = 1; lastKnownFileType = text.xcconfig; name = "Pods-OW-Heal-Request.debug.xcconfig"; path = "Target Support Files/Pods-OW-Heal-Request/Pods-OW-Heal-Request.debug.xcconfig"; sourceTree = "<group>"; };
		ED6F83CF268187F4006CDC9F /* schema.graphql */ = {isa = PBXFileReference; lastKnownFileType = text; name = schema.graphql; path = amplify/backend/api/GoAPI2/schema.graphql; sourceTree = SOURCE_ROOT; };
		EDE4503F26818C0F0065A0A0 /* awsconfiguration.json */ = {isa = PBXFileReference; fileEncoding = 4; lastKnownFileType = text.json; path = awsconfiguration.json; sourceTree = SOURCE_ROOT; };
		EDE4504026818C0F0065A0A0 /* amplifyconfiguration.json */ = {isa = PBXFileReference; fileEncoding = 4; lastKnownFileType = text.json; path = amplifyconfiguration.json; sourceTree = SOURCE_ROOT; };
		EDE4506226818E400065A0A0 /* AudioInfo+Schema.swift */ = {isa = PBXFileReference; fileEncoding = 4; lastKnownFileType = sourcecode.swift; path = "AudioInfo+Schema.swift"; sourceTree = "<group>"; };
		EDE4506326818E400065A0A0 /* AmplifyModels.swift */ = {isa = PBXFileReference; fileEncoding = 4; lastKnownFileType = sourcecode.swift; path = AmplifyModels.swift; sourceTree = "<group>"; };
		EDE4506426818E400065A0A0 /* HealRequest.swift */ = {isa = PBXFileReference; fileEncoding = 4; lastKnownFileType = sourcecode.swift; path = HealRequest.swift; sourceTree = "<group>"; };
		EDE4506526818E400065A0A0 /* AudioInfo.swift */ = {isa = PBXFileReference; fileEncoding = 4; lastKnownFileType = sourcecode.swift; path = AudioInfo.swift; sourceTree = "<group>"; };
		EDE4506626818E400065A0A0 /* HealRequest+Schema.swift */ = {isa = PBXFileReference; fileEncoding = 4; lastKnownFileType = sourcecode.swift; path = "HealRequest+Schema.swift"; sourceTree = "<group>"; };
/* End PBXFileReference section */

/* Begin PBXFrameworksBuildPhase section */
		D3562300265439CF00A02F59 /* Frameworks */ = {
			isa = PBXFrameworksBuildPhase;
			buildActionMask = 2147483647;
			files = (
			);
			runOnlyForDeploymentPostprocessing = 0;
		};
		D3D3C8E2259A7C8000D87275 /* Frameworks */ = {
			isa = PBXFrameworksBuildPhase;
			buildActionMask = 2147483647;
			files = (
				CCACDEB80D8B150C5C7AC8C4 /* Pods_OW_Heal_Request.framework in Frameworks */,
			);
			runOnlyForDeploymentPostprocessing = 0;
		};
/* End PBXFrameworksBuildPhase section */

/* Begin PBXGroup section */
		385D1C802DF04ED19BD32190 /* AmplifyConfig */ = {
			isa = PBXGroup;
			children = (
				EDE4504026818C0F0065A0A0 /* amplifyconfiguration.json */,
				EDE4503F26818C0F0065A0A0 /* awsconfiguration.json */,
				D9E47557A7204FE6B13FA65B /* amplifytools.xcconfig */,
				ED6F83CF268187F4006CDC9F /* schema.graphql */,
				C05FD688B9C14899A67C2F19 /* schema.graphql */,
			);
			name = AmplifyConfig;
			path = .;
			sourceTree = "<group>";
		};
		9E746D94042143292A175885 /* Frameworks */ = {
			isa = PBXGroup;
			children = (
				0A0305B9182A83C06CAFDC28 /* Pods_OW_Heal_Request.framework */,
			);
			name = Frameworks;
			sourceTree = "<group>";
		};
		B3AE9B7DE979B0DCA720DA83 /* Pods */ = {
			isa = PBXGroup;
			children = (
				E4A9BA6219DD208FA097D612 /* Pods-OW-Heal-Request.debug.xcconfig */,
				DD20A36FC889B01CD44ED112 /* Pods-OW-Heal-Request.release.xcconfig */,
			);
			path = Pods;
			sourceTree = "<group>";
		};
		D3562304265439CF00A02F59 /* OW-Heal-Request-Tests */ = {
			isa = PBXGroup;
			children = (
				D3562305265439CF00A02F59 /* OW_Heal_Request_Tests.swift */,
				D3562307265439CF00A02F59 /* Info.plist */,
			);
			path = "OW-Heal-Request-Tests";
			sourceTree = "<group>";
		};
		D3D3C8DC259A7C8000D87275 = {
			isa = PBXGroup;
			children = (
				EDE4506126818E400065A0A0 /* models */,
				385D1C802DF04ED19BD32190 /* AmplifyConfig */,
				EFC37CAC2258468B85EF925B /* AmplifyModels */,
				D3D3C8E7259A7C8000D87275 /* OW-Heal-Request */,
				D3562304265439CF00A02F59 /* OW-Heal-Request-Tests */,
				D3D3C8E6259A7C8000D87275 /* Products */,
				B3AE9B7DE979B0DCA720DA83 /* Pods */,
				9E746D94042143292A175885 /* Frameworks */,
			);
			sourceTree = "<group>";
		};
		D3D3C8E6259A7C8000D87275 /* Products */ = {
			isa = PBXGroup;
			children = (
				D3D3C8E5259A7C8000D87275 /* OW-Heal-Request.app */,
				D3562303265439CF00A02F59 /* OW-Heal-Request-Tests.xctest */,
			);
			name = Products;
			sourceTree = "<group>";
		};
		D3D3C8E7259A7C8000D87275 /* OW-Heal-Request */ = {
			isa = PBXGroup;
			children = (
				D3F56807259EC0B8006AEF6C /* OW-Heal-Request.entitlements */,
				D3D3C8E8259A7C8000D87275 /* AppDelegate.swift */,
				D3D3C8EA259A7C8000D87275 /* SceneDelegate.swift */,
				D3D3C8EC259A7C8000D87275 /* ViewController.swift */,
				D3D3C8EE259A7C8000D87275 /* Main.storyboard */,
				D382ECFB2662A965002A609C /* SoundsHeader.swift */,
				D3222D4325A31E3B00B80BE3 /* SoundBoardVC.swift */,
				D382ECF92660352D002A609C /* NewSoundsHeader.swift */,
				D3BC94FE25BE3879008B14CD /* Audio.swift */,
				D35B805C25A3CD170006DA9F /* SoundBoardCellVC.swift */,
				D3D3C8F4259A7C8200D87275 /* Assets.xcassets */,
				D3D3C8F6259A7C8200D87275 /* LaunchScreen.storyboard */,
				D3D3C8F9259A7C8200D87275 /* Info.plist */,
				D3D3C8F1259A7C8000D87275 /* OW_Heal_Request.xcdatamodeld */,
			);
			path = "OW-Heal-Request";
			sourceTree = "<group>";
		};
		EDE4506126818E400065A0A0 /* models */ = {
			isa = PBXGroup;
			children = (
				EDE4506226818E400065A0A0 /* AudioInfo+Schema.swift */,
				EDE4506326818E400065A0A0 /* AmplifyModels.swift */,
				EDE4506426818E400065A0A0 /* HealRequest.swift */,
				EDE4506526818E400065A0A0 /* AudioInfo.swift */,
				EDE4506626818E400065A0A0 /* HealRequest+Schema.swift */,
			);
			name = models;
			path = amplify/generated/models;
			sourceTree = "<group>";
		};
		EFC37CAC2258468B85EF925B /* AmplifyModels */ = {
			isa = PBXGroup;
			children = (
				34B694B15349437882DAED5B /* AmplifyModels.swift */,
				16487D2F27D84144AC7C9138 /* HealRequest.swift */,
				D95285E805724C129B9876FD /* HealRequest+Schema.swift */,
				D9A519C01F6248048C4F419E /* AudioInfo.swift */,
				C54346C59EE743BD8263B7D6 /* AudioInfo+Schema.swift */,
			);
			name = AmplifyModels;
			path = .;
			sourceTree = "<group>";
		};
/* End PBXGroup section */

/* Begin PBXNativeTarget section */
		D3562302265439CF00A02F59 /* OW-Heal-Request-Tests */ = {
			isa = PBXNativeTarget;
			buildConfigurationList = D356230C265439CF00A02F59 /* Build configuration list for PBXNativeTarget "OW-Heal-Request-Tests" */;
			buildPhases = (
				D35622FF265439CF00A02F59 /* Sources */,
				D3562300265439CF00A02F59 /* Frameworks */,
				D3562301265439CF00A02F59 /* Resources */,
			);
			buildRules = (
			);
			dependencies = (
				D3562309265439CF00A02F59 /* PBXTargetDependency */,
			);
			name = "OW-Heal-Request-Tests";
			productName = "OW-Heal-Request-Tests";
			productReference = D3562303265439CF00A02F59 /* OW-Heal-Request-Tests.xctest */;
			productType = "com.apple.product-type.bundle.unit-test";
		};
		D3D3C8E4259A7C8000D87275 /* OW-Heal-Request */ = {
			isa = PBXNativeTarget;
			buildConfigurationList = D3D3C8FC259A7C8200D87275 /* Build configuration list for PBXNativeTarget "OW-Heal-Request" */;
			buildPhases = (
				16DAFE436625CDE3EE6B5127 /* [CP] Check Pods Manifest.lock */,
				D3D3C8E1259A7C8000D87275 /* Sources */,
				D3D3C8E2259A7C8000D87275 /* Frameworks */,
				D3D3C8E3259A7C8000D87275 /* Resources */,
				185B1A0392DA6D9C5E68C1E5 /* [CP] Embed Pods Frameworks */,
			);
			buildRules = (
			);
			dependencies = (
			);
			name = "OW-Heal-Request";
			productName = "OW-Heal-Request";
			productReference = D3D3C8E5259A7C8000D87275 /* OW-Heal-Request.app */;
			productType = "com.apple.product-type.application";
		};
/* End PBXNativeTarget section */

/* Begin PBXProject section */
		D3D3C8DD259A7C8000D87275 /* Project object */ = {
			isa = PBXProject;
			attributes = {
				LastSwiftUpdateCheck = 1250;
				LastUpgradeCheck = 1250;
				TargetAttributes = {
					D3562302265439CF00A02F59 = {
						CreatedOnToolsVersion = 12.5;
						TestTargetID = D3D3C8E4259A7C8000D87275;
					};
					D3D3C8E4259A7C8000D87275 = {
						CreatedOnToolsVersion = 12.3;
					};
				};
			};
			buildConfigurationList = D3D3C8E0259A7C8000D87275 /* Build configuration list for PBXProject "OW-Heal-Request" */;
			compatibilityVersion = "Xcode 9.3";
			developmentRegion = en;
			hasScannedForEncodings = 0;
			knownRegions = (
				en,
				Base,
			);
			mainGroup = D3D3C8DC259A7C8000D87275;
			productRefGroup = D3D3C8E6259A7C8000D87275 /* Products */;
			projectDirPath = "";
			projectRoot = "";
			targets = (
				D3D3C8E4259A7C8000D87275 /* OW-Heal-Request */,
				D3562302265439CF00A02F59 /* OW-Heal-Request-Tests */,
			);
		};
/* End PBXProject section */

/* Begin PBXResourcesBuildPhase section */
		D3562301265439CF00A02F59 /* Resources */ = {
			isa = PBXResourcesBuildPhase;
			buildActionMask = 2147483647;
			files = (
				ED6F83D1268187F4006CDC9F /* schema.graphql in Resources */,
			);
			runOnlyForDeploymentPostprocessing = 0;
		};
		D3D3C8E3259A7C8000D87275 /* Resources */ = {
			isa = PBXResourcesBuildPhase;
			buildActionMask = 2147483647;
			files = (
				D3D3C8F8259A7C8200D87275 /* LaunchScreen.storyboard in Resources */,
				EDE4504126818C0F0065A0A0 /* awsconfiguration.json in Resources */,
				D3D3C8F5259A7C8200D87275 /* Assets.xcassets in Resources */,
				EDE4504226818C0F0065A0A0 /* amplifyconfiguration.json in Resources */,
				D3D3C8F0259A7C8000D87275 /* Main.storyboard in Resources */,
				ED6F83D0268187F4006CDC9F /* schema.graphql in Resources */,
			);
			runOnlyForDeploymentPostprocessing = 0;
		};
/* End PBXResourcesBuildPhase section */

/* Begin PBXShellScriptBuildPhase section */
		16DAFE436625CDE3EE6B5127 /* [CP] Check Pods Manifest.lock */ = {
			isa = PBXShellScriptBuildPhase;
			buildActionMask = 2147483647;
			files = (
			);
			inputFileListPaths = (
			);
			inputPaths = (
				"${PODS_PODFILE_DIR_PATH}/Podfile.lock",
				"${PODS_ROOT}/Manifest.lock",
			);
			name = "[CP] Check Pods Manifest.lock";
			outputFileListPaths = (
			);
			outputPaths = (
				"$(DERIVED_FILE_DIR)/Pods-OW-Heal-Request-checkManifestLockResult.txt",
			);
			runOnlyForDeploymentPostprocessing = 0;
			shellPath = /bin/sh;
			shellScript = "diff \"${PODS_PODFILE_DIR_PATH}/Podfile.lock\" \"${PODS_ROOT}/Manifest.lock\" > /dev/null\nif [ $? != 0 ] ; then\n    # print error to STDERR\n    echo \"error: The sandbox is not in sync with the Podfile.lock. Run 'pod install' or update your CocoaPods installation.\" >&2\n    exit 1\nfi\n# This output is used by Xcode 'outputs' to avoid re-running this script phase.\necho \"SUCCESS\" > \"${SCRIPT_OUTPUT_FILE_0}\"\n";
			showEnvVarsInLog = 0;
		};
		185B1A0392DA6D9C5E68C1E5 /* [CP] Embed Pods Frameworks */ = {
			isa = PBXShellScriptBuildPhase;
			buildActionMask = 2147483647;
			files = (
			);
			inputFileListPaths = (
				"${PODS_ROOT}/Target Support Files/Pods-OW-Heal-Request/Pods-OW-Heal-Request-frameworks-${CONFIGURATION}-input-files.xcfilelist",
			);
			inputPaths = (
			);
			name = "[CP] Embed Pods Frameworks";
			outputFileListPaths = (
				"${PODS_ROOT}/Target Support Files/Pods-OW-Heal-Request/Pods-OW-Heal-Request-frameworks-${CONFIGURATION}-output-files.xcfilelist",
			);
			outputPaths = (
			);
			runOnlyForDeploymentPostprocessing = 0;
			shellPath = /bin/sh;
			shellScript = "\"${PODS_ROOT}/Target Support Files/Pods-OW-Heal-Request/Pods-OW-Heal-Request-frameworks.sh\"\n";
			showEnvVarsInLog = 0;
		};
/* End PBXShellScriptBuildPhase section */

/* Begin PBXSourcesBuildPhase section */
		D35622FF265439CF00A02F59 /* Sources */ = {
			isa = PBXSourcesBuildPhase;
			buildActionMask = 2147483647;
			files = (
				D3562306265439CF00A02F59 /* OW_Heal_Request_Tests.swift in Sources */,
				FF01375B388476F525DE3241 /* AmplifyModels.swift in Sources */,
				4AD6C34F449CC6BD44515C17 /* AudioInfo+Schema.swift in Sources */,
				161E4D254B8997546C0C9E94 /* AudioInfo.swift in Sources */,
				2C59ED77F9177A96EA4302EB /* HealRequest.swift in Sources */,
				6292865372683835065160E7 /* AmplifyModels.swift in Sources */,
				8E1CF368F9FDBB41CFBE647B /* AudioInfo+Schema.swift in Sources */,
				4ACCBA84C42A8AB239AE006F /* AudioInfo.swift in Sources */,
				40B3E68960FCDE592F2FB287 /* HealRequest+Schema.swift in Sources */,
				64ADB3866391589F9381CB94 /* HealRequest.swift in Sources */,
				BA570143BF629CBF25288B60 /* AmplifyModels.swift in Sources */,
				99DCE5F491DA30860009A21F /* AudioInfo+Schema.swift in Sources */,
				ABDE65CCA44F5423D7A3AD5B /* AudioInfo.swift in Sources */,
				6643FBB3CC9B5B993415FA55 /* HealRequest+Schema.swift in Sources */,
				B6DEF51A711D256D00769435 /* AmplifyModels.swift in Sources */,
				5A990B94914D3419A555529F /* AudioInfo+Schema.swift in Sources */,
				70C6D3526788966D15EAFC2E /* AudioInfo.swift in Sources */,
				F857A49EFA95459EC6C2F567 /* AmplifyModels.swift in Sources */,
				6C04C43666B58AB3B88D727A /* AudioInfo+Schema.swift in Sources */,
				32C96DC97491270ABD569B32 /* AudioInfo.swift in Sources */,
				20626A99127DE13E88CB4730 /* HealRequest+Schema.swift in Sources */,
				E7BDEC0AA24F71F89204C344 /* HealRequest.swift in Sources */,
				E5D89EE35B9FD6D28E8D397D /* AmplifyModels.swift in Sources */,
				8B64F3AA3324C72883C629CF /* AudioInfo+Schema.swift in Sources */,
				EDAC0F05AAD018880619BCCA /* AudioInfo.swift in Sources */,
				F3E2EB3F9DD8A6F2BAEDECB9 /* HealRequest+Schema.swift in Sources */,
				4FAB9F9ED26FABE125A5DA29 /* HealRequest.swift in Sources */,
				84B47F40C6CAAC9DA23414E9 /* AmplifyModels.swift in Sources */,
				C21252A78A697D31907FC66A /* AudioInfo+Schema.swift in Sources */,
				3FC7BCB2DB0E9C0441A9735F /* AudioInfo.swift in Sources */,
				3E8366C527419AE8B434E967 /* HealRequest+Schema.swift in Sources */,
				6D9C2F535D0FBC35C1A1E548 /* HealRequest.swift in Sources */,
				89D346B1FA5AA7F435444941 /* AmplifyModels.swift in Sources */,
				A612C2395BDA4E3616335C6C /* AudioInfo+Schema.swift in Sources */,
				40059295F7F6550F45F6BB84 /* AudioInfo.swift in Sources */,
				7B6D78858702B9199B70DAAB /* HealRequest+Schema.swift in Sources */,
				04E95A913887A16B6714464A /* HealRequest.swift in Sources */,
			);
			runOnlyForDeploymentPostprocessing = 0;
		};
		D3D3C8E1259A7C8000D87275 /* Sources */ = {
			isa = PBXSourcesBuildPhase;
			buildActionMask = 2147483647;
			files = (
				D3D3C8ED259A7C8000D87275 /* ViewController.swift in Sources */,
				D3D3C8E9259A7C8000D87275 /* AppDelegate.swift in Sources */,
				EDE4506B26818E400065A0A0 /* HealRequest+Schema.swift in Sources */,
				D382ECFA2660352D002A609C /* NewSoundsHeader.swift in Sources */,
				EDE4506826818E400065A0A0 /* AmplifyModels.swift in Sources */,
				EDE4506726818E400065A0A0 /* AudioInfo+Schema.swift in Sources */,
				EDE4506926818E400065A0A0 /* HealRequest.swift in Sources */,
				D3D3C8EB259A7C8000D87275 /* SceneDelegate.swift in Sources */,
				EDE4506A26818E400065A0A0 /* AudioInfo.swift in Sources */,
				D3BC94FF25BE3879008B14CD /* Audio.swift in Sources */,
				D3D3C8F3259A7C8000D87275 /* OW_Heal_Request.xcdatamodeld in Sources */,
				D35B805D25A3CD170006DA9F /* SoundBoardCellVC.swift in Sources */,
				D3222D4425A31E3B00B80BE3 /* SoundBoardVC.swift in Sources */,
				AAD1944C01A848F7BCA9AA3D /* AudioInfo.swift in Sources */,
				D382ECFC2662A965002A609C /* SoundsHeader.swift in Sources */,
				0C5DD09ADBD149D899B43CBC /* AudioInfo+Schema.swift in Sources */,
			);
			runOnlyForDeploymentPostprocessing = 0;
		};
/* End PBXSourcesBuildPhase section */

/* Begin PBXTargetDependency section */
		D3562309265439CF00A02F59 /* PBXTargetDependency */ = {
			isa = PBXTargetDependency;
			target = D3D3C8E4259A7C8000D87275 /* OW-Heal-Request */;
			targetProxy = D3562308265439CF00A02F59 /* PBXContainerItemProxy */;
		};
/* End PBXTargetDependency section */

/* Begin PBXVariantGroup section */
		D3D3C8EE259A7C8000D87275 /* Main.storyboard */ = {
			isa = PBXVariantGroup;
			children = (
				D3D3C8EF259A7C8000D87275 /* Base */,
			);
			name = Main.storyboard;
			sourceTree = "<group>";
		};
		D3D3C8F6259A7C8200D87275 /* LaunchScreen.storyboard */ = {
			isa = PBXVariantGroup;
			children = (
				D3D3C8F7259A7C8200D87275 /* Base */,
			);
			name = LaunchScreen.storyboard;
			sourceTree = "<group>";
		};
/* End PBXVariantGroup section */

/* Begin XCBuildConfiguration section */
		D356230A265439CF00A02F59 /* Debug */ = {
			isa = XCBuildConfiguration;
			buildSettings = {
				BUNDLE_LOADER = "$(TEST_HOST)";
				CODE_SIGN_STYLE = Automatic;
				DEVELOPMENT_TEAM = CXKGCGEG4F;
				INFOPLIST_FILE = "OW-Heal-Request-Tests/Info.plist";
				IPHONEOS_DEPLOYMENT_TARGET = 14.5;
				LD_RUNPATH_SEARCH_PATHS = (
					"$(inherited)",
					"@executable_path/Frameworks",
					"@loader_path/Frameworks",
				);
				PRODUCT_BUNDLE_IDENTIFIER = "com.adraper.OW-Heal-Request-Tests";
				PRODUCT_NAME = "$(TARGET_NAME)";
				SWIFT_VERSION = 5.0;
				TARGETED_DEVICE_FAMILY = "1,2";
				TEST_HOST = "$(BUILT_PRODUCTS_DIR)/OW-Heal-Request.app/OW-Heal-Request";
			};
			name = Debug;
		};
		D356230B265439CF00A02F59 /* Release */ = {
			isa = XCBuildConfiguration;
			buildSettings = {
				BUNDLE_LOADER = "$(TEST_HOST)";
				CODE_SIGN_STYLE = Automatic;
				DEVELOPMENT_TEAM = CXKGCGEG4F;
				INFOPLIST_FILE = "OW-Heal-Request-Tests/Info.plist";
				IPHONEOS_DEPLOYMENT_TARGET = 14.5;
				LD_RUNPATH_SEARCH_PATHS = (
					"$(inherited)",
					"@executable_path/Frameworks",
					"@loader_path/Frameworks",
				);
				PRODUCT_BUNDLE_IDENTIFIER = "com.adraper.OW-Heal-Request-Tests";
				PRODUCT_NAME = "$(TARGET_NAME)";
				SWIFT_VERSION = 5.0;
				TARGETED_DEVICE_FAMILY = "1,2";
				TEST_HOST = "$(BUILT_PRODUCTS_DIR)/OW-Heal-Request.app/OW-Heal-Request";
			};
			name = Release;
		};
		D3D3C8FA259A7C8200D87275 /* Debug */ = {
			isa = XCBuildConfiguration;
			buildSettings = {
				ALWAYS_SEARCH_USER_PATHS = NO;
				CLANG_ANALYZER_NONNULL = YES;
				CLANG_ANALYZER_NUMBER_OBJECT_CONVERSION = YES_AGGRESSIVE;
				CLANG_CXX_LANGUAGE_STANDARD = "gnu++14";
				CLANG_CXX_LIBRARY = "libc++";
				CLANG_ENABLE_MODULES = YES;
				CLANG_ENABLE_OBJC_ARC = YES;
				CLANG_ENABLE_OBJC_WEAK = YES;
				CLANG_WARN_BLOCK_CAPTURE_AUTORELEASING = YES;
				CLANG_WARN_BOOL_CONVERSION = YES;
				CLANG_WARN_COMMA = YES;
				CLANG_WARN_CONSTANT_CONVERSION = YES;
				CLANG_WARN_DEPRECATED_OBJC_IMPLEMENTATIONS = YES;
				CLANG_WARN_DIRECT_OBJC_ISA_USAGE = YES_ERROR;
				CLANG_WARN_DOCUMENTATION_COMMENTS = YES;
				CLANG_WARN_EMPTY_BODY = YES;
				CLANG_WARN_ENUM_CONVERSION = YES;
				CLANG_WARN_INFINITE_RECURSION = YES;
				CLANG_WARN_INT_CONVERSION = YES;
				CLANG_WARN_NON_LITERAL_NULL_CONVERSION = YES;
				CLANG_WARN_OBJC_IMPLICIT_RETAIN_SELF = YES;
				CLANG_WARN_OBJC_LITERAL_CONVERSION = YES;
				CLANG_WARN_OBJC_ROOT_CLASS = YES_ERROR;
				CLANG_WARN_QUOTED_INCLUDE_IN_FRAMEWORK_HEADER = YES;
				CLANG_WARN_RANGE_LOOP_ANALYSIS = YES;
				CLANG_WARN_STRICT_PROTOTYPES = YES;
				CLANG_WARN_SUSPICIOUS_MOVE = YES;
				CLANG_WARN_UNGUARDED_AVAILABILITY = YES_AGGRESSIVE;
				CLANG_WARN_UNREACHABLE_CODE = YES;
				CLANG_WARN__DUPLICATE_METHOD_MATCH = YES;
				COPY_PHASE_STRIP = NO;
				DEBUG_INFORMATION_FORMAT = dwarf;
				ENABLE_STRICT_OBJC_MSGSEND = YES;
				ENABLE_TESTABILITY = YES;
				GCC_C_LANGUAGE_STANDARD = gnu11;
				GCC_DYNAMIC_NO_PIC = NO;
				GCC_NO_COMMON_BLOCKS = YES;
				GCC_OPTIMIZATION_LEVEL = 0;
				GCC_PREPROCESSOR_DEFINITIONS = (
					"DEBUG=1",
					"$(inherited)",
				);
				GCC_WARN_64_TO_32_BIT_CONVERSION = YES;
				GCC_WARN_ABOUT_RETURN_TYPE = YES_ERROR;
				GCC_WARN_UNDECLARED_SELECTOR = YES;
				GCC_WARN_UNINITIALIZED_AUTOS = YES_AGGRESSIVE;
				GCC_WARN_UNUSED_FUNCTION = YES;
				GCC_WARN_UNUSED_VARIABLE = YES;
				IPHONEOS_DEPLOYMENT_TARGET = 14.3;
				MTL_ENABLE_DEBUG_INFO = INCLUDE_SOURCE;
				MTL_FAST_MATH = YES;
				ONLY_ACTIVE_ARCH = YES;
				SDKROOT = iphoneos;
				SWIFT_ACTIVE_COMPILATION_CONDITIONS = DEBUG;
				SWIFT_OPTIMIZATION_LEVEL = "-Onone";
			};
			name = Debug;
		};
		D3D3C8FB259A7C8200D87275 /* Release */ = {
			isa = XCBuildConfiguration;
			buildSettings = {
				ALWAYS_SEARCH_USER_PATHS = NO;
				CLANG_ANALYZER_NONNULL = YES;
				CLANG_ANALYZER_NUMBER_OBJECT_CONVERSION = YES_AGGRESSIVE;
				CLANG_CXX_LANGUAGE_STANDARD = "gnu++14";
				CLANG_CXX_LIBRARY = "libc++";
				CLANG_ENABLE_MODULES = YES;
				CLANG_ENABLE_OBJC_ARC = YES;
				CLANG_ENABLE_OBJC_WEAK = YES;
				CLANG_WARN_BLOCK_CAPTURE_AUTORELEASING = YES;
				CLANG_WARN_BOOL_CONVERSION = YES;
				CLANG_WARN_COMMA = YES;
				CLANG_WARN_CONSTANT_CONVERSION = YES;
				CLANG_WARN_DEPRECATED_OBJC_IMPLEMENTATIONS = YES;
				CLANG_WARN_DIRECT_OBJC_ISA_USAGE = YES_ERROR;
				CLANG_WARN_DOCUMENTATION_COMMENTS = YES;
				CLANG_WARN_EMPTY_BODY = YES;
				CLANG_WARN_ENUM_CONVERSION = YES;
				CLANG_WARN_INFINITE_RECURSION = YES;
				CLANG_WARN_INT_CONVERSION = YES;
				CLANG_WARN_NON_LITERAL_NULL_CONVERSION = YES;
				CLANG_WARN_OBJC_IMPLICIT_RETAIN_SELF = YES;
				CLANG_WARN_OBJC_LITERAL_CONVERSION = YES;
				CLANG_WARN_OBJC_ROOT_CLASS = YES_ERROR;
				CLANG_WARN_QUOTED_INCLUDE_IN_FRAMEWORK_HEADER = YES;
				CLANG_WARN_RANGE_LOOP_ANALYSIS = YES;
				CLANG_WARN_STRICT_PROTOTYPES = YES;
				CLANG_WARN_SUSPICIOUS_MOVE = YES;
				CLANG_WARN_UNGUARDED_AVAILABILITY = YES_AGGRESSIVE;
				CLANG_WARN_UNREACHABLE_CODE = YES;
				CLANG_WARN__DUPLICATE_METHOD_MATCH = YES;
				COPY_PHASE_STRIP = NO;
				DEBUG_INFORMATION_FORMAT = "dwarf-with-dsym";
				ENABLE_NS_ASSERTIONS = NO;
				ENABLE_STRICT_OBJC_MSGSEND = YES;
				GCC_C_LANGUAGE_STANDARD = gnu11;
				GCC_NO_COMMON_BLOCKS = YES;
				GCC_WARN_64_TO_32_BIT_CONVERSION = YES;
				GCC_WARN_ABOUT_RETURN_TYPE = YES_ERROR;
				GCC_WARN_UNDECLARED_SELECTOR = YES;
				GCC_WARN_UNINITIALIZED_AUTOS = YES_AGGRESSIVE;
				GCC_WARN_UNUSED_FUNCTION = YES;
				GCC_WARN_UNUSED_VARIABLE = YES;
				IPHONEOS_DEPLOYMENT_TARGET = 14.3;
				MTL_ENABLE_DEBUG_INFO = NO;
				MTL_FAST_MATH = YES;
				SDKROOT = iphoneos;
				SWIFT_COMPILATION_MODE = wholemodule;
				SWIFT_OPTIMIZATION_LEVEL = "-O";
				VALIDATE_PRODUCT = YES;
			};
			name = Release;
		};
		D3D3C8FD259A7C8200D87275 /* Debug */ = {
			isa = XCBuildConfiguration;
			baseConfigurationReference = E4A9BA6219DD208FA097D612 /* Pods-OW-Heal-Request.debug.xcconfig */;
			buildSettings = {
				ASSETCATALOG_COMPILER_APPICON_NAME = AppIcon;
				ASSETCATALOG_COMPILER_GLOBAL_ACCENT_COLOR_NAME = AccentColor;
				CODE_SIGN_ENTITLEMENTS = "OW-Heal-Request/OW-Heal-Request.entitlements";
				CODE_SIGN_STYLE = Automatic;
				DEVELOPMENT_TEAM = PK46H97A66;
				INFOPLIST_FILE = "OW-Heal-Request/Info.plist";
				LD_RUNPATH_SEARCH_PATHS = (
					"$(inherited)",
					"@executable_path/Frameworks",
				);
				MARKETING_VERSION = 1.1.1;
				PRODUCT_BUNDLE_IDENTIFIER = "com.adraper.OW-Heal-Request";
				PRODUCT_NAME = "$(TARGET_NAME)";
				SWIFT_VERSION = 5.0;
				TARGETED_DEVICE_FAMILY = "1,2";
			};
			name = Debug;
		};
		D3D3C8FE259A7C8200D87275 /* Release */ = {
			isa = XCBuildConfiguration;
			baseConfigurationReference = DD20A36FC889B01CD44ED112 /* Pods-OW-Heal-Request.release.xcconfig */;
			buildSettings = {
				ASSETCATALOG_COMPILER_APPICON_NAME = AppIcon;
				ASSETCATALOG_COMPILER_GLOBAL_ACCENT_COLOR_NAME = AccentColor;
				CODE_SIGN_ENTITLEMENTS = "OW-Heal-Request/OW-Heal-Request.entitlements";
				CODE_SIGN_STYLE = Automatic;
				DEVELOPMENT_TEAM = PK46H97A66;
				INFOPLIST_FILE = "OW-Heal-Request/Info.plist";
				LD_RUNPATH_SEARCH_PATHS = (
					"$(inherited)",
					"@executable_path/Frameworks",
				);
				MARKETING_VERSION = 1.1.1;
				PRODUCT_BUNDLE_IDENTIFIER = "com.adraper.OW-Heal-Request";
				PRODUCT_NAME = "$(TARGET_NAME)";
				SWIFT_VERSION = 5.0;
				TARGETED_DEVICE_FAMILY = "1,2";
			};
			name = Release;
		};
/* End XCBuildConfiguration section */

/* Begin XCConfigurationList section */
		D356230C265439CF00A02F59 /* Build configuration list for PBXNativeTarget "OW-Heal-Request-Tests" */ = {
			isa = XCConfigurationList;
			buildConfigurations = (
				D356230A265439CF00A02F59 /* Debug */,
				D356230B265439CF00A02F59 /* Release */,
			);
			defaultConfigurationIsVisible = 0;
			defaultConfigurationName = Release;
		};
		D3D3C8E0259A7C8000D87275 /* Build configuration list for PBXProject "OW-Heal-Request" */ = {
			isa = XCConfigurationList;
			buildConfigurations = (
				D3D3C8FA259A7C8200D87275 /* Debug */,
				D3D3C8FB259A7C8200D87275 /* Release */,
			);
			defaultConfigurationIsVisible = 0;
			defaultConfigurationName = Release;
		};
		D3D3C8FC259A7C8200D87275 /* Build configuration list for PBXNativeTarget "OW-Heal-Request" */ = {
			isa = XCConfigurationList;
			buildConfigurations = (
				D3D3C8FD259A7C8200D87275 /* Debug */,
				D3D3C8FE259A7C8200D87275 /* Release */,
			);
			defaultConfigurationIsVisible = 0;
			defaultConfigurationName = Release;
		};
/* End XCConfigurationList section */

/* Begin XCVersionGroup section */
		D3D3C8F1259A7C8000D87275 /* OW_Heal_Request.xcdatamodeld */ = {
			isa = XCVersionGroup;
			children = (
				D3D3C8F2259A7C8000D87275 /* OW_Heal_Request.xcdatamodel */,
			);
			currentVersion = D3D3C8F2259A7C8000D87275 /* OW_Heal_Request.xcdatamodel */;
			path = OW_Heal_Request.xcdatamodeld;
			sourceTree = "<group>";
			versionGroupType = wrapper.xcdatamodel;
		};
/* End XCVersionGroup section */
	};
	rootObject = D3D3C8DD259A7C8000D87275 /* Project object */;
}
